
Microsoft Visual Studio Solution File, Format Version 12.00
# Visual Studio Version 17
VisualStudioVersion = 17.4.33205.214
MinimumVisualStudioVersion = 10.0.40219.1
Project("{FAE04EC0-301F-11D3-BF4B-00C04F79EFBC}") = "DemoProject1", "DemoProject1\DemoProject1.csproj", "{6F4BF177-65E9-4F82-834E-B246D7AFD7A6}"
EndProject
Global
	GlobalSection(SolutionConfigurationPlatforms) = preSolution
		Debug|Any CPU = Debug|Any CPU
		Release|Any CPU = Release|Any CPU
	EndGlobalSection
	GlobalSection(ProjectConfigurationPlatforms) = postSolution
		{6F4BF177-65E9-4F82-834E-B246D7AFD7A6}.Debug|Any CPU.ActiveCfg = Debug|Any CPU
		{6F4BF177-65E9-4F82-834E-B246D7AFD7A6}.Debug|Any CPU.Build.0 = Debug|Any CPU
		{6F4BF177-65E9-4F82-834E-B246D7AFD7A6}.Release|Any CPU.ActiveCfg = Release|Any CPU
		{6F4BF177-65E9-4F82-834E-B246D7AFD7A6}.Release|Any CPU.Build.0 = Release|Any CPU
	EndGlobalSection
	GlobalSection(SolutionProperties) = preSolution
		HideSolutionNode = FALSE
	EndGlobalSection
	GlobalSection(ExtensibilityGlobals) = postSolution
		SolutionGuid = {674582BF-B11D-4CD9-B3AC-BB7F6C52BAE1}
	EndGlobalSection
EndGlobal
